Microsoft Visual Studio Solution File, Format Version 12.00
# Visual Studio Version 17
VisualStudioVersion = 17.5.2.0
MinimumVisualStudioVersion = 10.0.40219.1
Project("{FAE04EC0-301F-11D3-BF4B-00C04F79EFBC}") = "Module4of7", "Module4of7.csproj", "{ACDEE756-8D93-27C0-B595-01DC0DB2D2A2}"
EndProject
Global
	GlobalSection(SolutionConfigurationPlatforms) = preSolution
		Debug|Any CPU = Debug|Any CPU
		Release|Any CPU = Release|Any CPU
	EndGlobalSection
	GlobalSection(ProjectConfigurationPlatforms) = postSolution
		{ACDEE756-8D93-27C0-B595-01DC0DB2D2A2}.Debug|Any CPU.ActiveCfg = Debug|Any CPU
		{ACDEE756-8D93-27C0-B595-01DC0DB2D2A2}.Debug|Any CPU.Build.0 = Debug|Any CPU
		{ACDEE756-8D93-27C0-B595-01DC0DB2D2A2}.Release|Any CPU.ActiveCfg = Release|Any CPU
		{ACDEE756-8D93-27C0-B595-01DC0DB2D2A2}.Release|Any CPU.Build.0 = Release|Any CPU
	EndGlobalSection
	GlobalSection(SolutionProperties) = preSolution
		HideSolutionNode = FALSE
	EndGlobalSection
	GlobalSection(ExtensibilityGlobals) = postSolution
		SolutionGuid = {1225BC5B-6794-44BF-AC48-B716B7279E52}
	EndGlobalSection
EndGlobal
